
Microsoft Visual Studio Solution File, Format Version 12.00
# Visual Studio 15
VisualStudioVersion = 15.0.28010.2046
MinimumVisualStudioVersion = 10.0.40219.1
Project("{FAE04EC0-301F-11D3-BF4B-00C04F79EFBC}") = "ZeyrekWeb", "ZeyrekWeb\ZeyrekWeb.csproj", "{10D268BB-1F17-44BD-B04D-A76B65A6B6EC}"
EndProject
Global
	GlobalSection(SolutionConfigurationPlatforms) = preSolution
		Debug|Any CPU = Debug|Any CPU
		Release|Any CPU = Release|Any CPU
	EndGlobalSection
	GlobalSection(ProjectConfigurationPlatforms) = postSolution
		{10D268BB-1F17-44BD-B04D-A76B65A6B6EC}.Debug|Any CPU.ActiveCfg = Debug|Any CPU
		{10D268BB-1F17-44BD-B04D-A76B65A6B6EC}.Debug|Any CPU.Build.0 = Debug|Any CPU
		{10D268BB-1F17-44BD-B04D-A76B65A6B6EC}.Release|Any CPU.ActiveCfg = Release|Any CPU
		{10D268BB-1F17-44BD-B04D-A76B65A6B6EC}.Release|Any CPU.Build.0 = Release|Any CPU
	EndGlobalSection
	GlobalSection(SolutionProperties) = preSolution
		HideSolutionNode = FALSE
	EndGlobalSection
	GlobalSection(ExtensibilityGlobals) = postSolution
		SolutionGuid = {FC886327-ED97-45ED-88C5-26C52427E882}
	EndGlobalSection
EndGlobal
